
Microsoft Visual Studio Solution File, Format Version 12.00
# Visual Studio 15
VisualStudioVersion = 15.0.28307.645
MinimumVisualStudioVersion = 10.0.40219.1
Project("{8BC9CEB8-8B4A-11D0-8D11-00A0C91BC942}") = "GPCS4", "GPCS4\GPCS4.vcxproj", "{C6268336-3B18-41C4-AC99-18B5F8A0BF29}"
EndProject
Global
	GlobalSection(SolutionConfigurationPlatforms) = preSolution
		Debug|x64 = Debug|x64
		Debug|x86 = Debug|x86
		Release|x64 = Release|x64
		Release|x86 = Release|x86
	EndGlobalSection
	GlobalSection(ProjectConfigurationPlatforms) = postSolution
		{C6268336-3B18-41C4-AC99-18B5F8A0BF29}.Debug|x64.ActiveCfg = Debug|x64
		{C6268336-3B18-41C4-AC99-18B5F8A0BF29}.Debug|x64.Build.0 = Debug|x64
		{C6268336-3B18-41C4-AC99-18B5F8A0BF29}.Debug|x86.ActiveCfg = Debug|Win32
		{C6268336-3B18-41C4-AC99-18B5F8A0BF29}.Debug|x86.Build.0 = Debug|Win32
		{C6268336-3B18-41C4-AC99-18B5F8A0BF29}.Release|x64.ActiveCfg = Release|x64
		{C6268336-3B18-41C4-AC99-18B5F8A0BF29}.Release|x64.Build.0 = Release|x64
		{C6268336-3B18-41C4-AC99-18B5F8A0BF29}.Release|x86.ActiveCfg = Release|Win32
		{C6268336-3B18-41C4-AC99-18B5F8A0BF29}.Release|x86.Build.0 = Release|Win32
	EndGlobalSection
	GlobalSection(SolutionProperties) = preSolution
		HideSolutionNode = FALSE
	EndGlobalSection
	GlobalSection(ExtensibilityGlobals) = postSolution
		SolutionGuid = {259C27E1-8167-4FAE-99A5-5CE574A9732B}
	EndGlobalSection
EndGlobal
