<?xml version="1.0" encoding="utf-8"?>
<Project ToolsVersion="4.0" xmlns="http://schemas.microsoft.com/developer/msbuild/2003">
  <ItemGroup>
    <Filter Include="Source Files">
      <UniqueIdentifier>{4FC737F1-C7A5-4376-A066-2A32D752A2FF}</UniqueIdentifier>
      <Extensions>cpp;c;cc;cxx;def;odl;idl;hpj;bat;asm;asmx</Extensions>
    </Filter>
    <Filter Include="Source Files\Common">
      <UniqueIdentifier>{123ee8fb-dc6f-448d-be20-88991ce27390}</UniqueIdentifier>
    </Filter>
    <Filter Include="Source Files\Platform">
      <UniqueIdentifier>{78222735-0fe6-4c0d-b76a-7f5c113ee9db}</UniqueIdentifier>
    </Filter>
    <Filter Include="SceModules">
      <UniqueIdentifier>{103e400e-fb5e-4330-87fa-00878384bc7e}</UniqueIdentifier>
    </Filter>
    <Filter Include="SceModules\SceVideoRecording">
      <UniqueIdentifier>{cd6add65-cf5c-4f46-8923-18d459325b35}</UniqueIdentifier>
    </Filter>
    <Filter Include="SceModules\SceVideoOut">
      <UniqueIdentifier>{cacf4cdd-ac81-4b54-9473-5331a6be72cb}</UniqueIdentifier>
    </Filter>
    <Filter Include="SceModules\SceUserService">
      <UniqueIdentifier>{77f896d4-d1dc-4ee7-ab3a-683d6d9752b0}</UniqueIdentifier>
    </Filter>
    <Filter Include="SceModules\SceSystemService">
      <UniqueIdentifier>{521ffc8f-4134-480e-a78b-c8c6a56b4dae}</UniqueIdentifier>
    </Filter>
    <Filter Include="SceModules\SceSysmodule">
      <UniqueIdentifier>{cd043a49-3784-454e-be4a-ad1a9c2ee1cf}</UniqueIdentifier>
    </Filter>
    <Filter Include="SceModules\SceSsl">
      <UniqueIdentifier>{39357e14-98ba-4d0c-96bc-679aebfd5d75}</UniqueIdentifier>
    </Filter>
    <Filter Include="SceModules\SceScreenShot">
      <UniqueIdentifier>{aff3bd0f-e77e-4633-bcd0-9034dd309f63}</UniqueIdentifier>
    </Filter>
    <Filter Include="SceModules\SceSaveDataDialog">
      <UniqueIdentifier>{7f6aa586-a08c-4752-ad1e-2b7e3b79ff76}</UniqueIdentifier>
    </Filter>
    <Filter Include="SceModules\SceSaveData">
      <UniqueIdentifier>{4830a981-d88a-4b9a-8b64-b1e4b6d5b26d}</UniqueIdentifier>
    </Filter>
    <Filter Include="SceModules\SceRudp">
      <UniqueIdentifier>{c6a9eec1-9c3f-4ac2-b9f1-71b5d16bd3f0}</UniqueIdentifier>
    </Filter>
    <Filter Include="SceModules\SceRtc">
      <UniqueIdentifier>{34ac2de4-a78f-4fde-8209-5981160a9f73}</UniqueIdentifier>
    </Filter>
    <Filter Include="SceModules\ScePlayGo">
      <UniqueIdentifier>{aad85b19-b64d-43cb-9a44-ef17358aec69}</UniqueIdentifier>
    </Filter>
    <Filter Include="SceModules\ScePad">
      <UniqueIdentifier>{0c77afd9-9cfc-4a3b-b88a-8cfe61662595}</UniqueIdentifier>
    </Filter>
    <Filter Include="SceModules\SceNpWebApi">
      <UniqueIdentifier>{ed09943f-d9b0-4d41-baa7-6f0cd3ea884a}</UniqueIdentifier>
    </Filter>
    <Filter Include="SceModules\SceNpTus">
      <UniqueIdentifier>{d8962e0e-8102-44d6-9ecd-1a2f2dc20f24}</UniqueIdentifier>
    </Filter>
    <Filter Include="SceModules\SceNpTrophy">
      <UniqueIdentifier>{ef0a41aa-7900-497a-ba4a-fa87c9b009fd}</UniqueIdentifier>
    </Filter>
    <Filter Include="SceModules\SceNpSignaling">
      <UniqueIdentifier>{f845e210-21dc-409d-9ca6-fc4c1a89c656}</UniqueIdentifier>
    </Filter>
    <Filter Include="SceModules\SceNpScore">
      <UniqueIdentifier>{a55dd555-4dc4-4806-9591-78c1251027a0}</UniqueIdentifier>
    </Filter>
    <Filter Include="SceModules\SceNpProfileDialog">
      <UniqueIdentifier>{96540076-dbf6-46d3-9ad2-717048a57f14}</UniqueIdentifier>
    </Filter>
    <Filter Include="SceModules\SceNpMatching2">
      <UniqueIdentifier>{067771c8-f12d-4f8c-8910-317416a21421}</UniqueIdentifier>
    </Filter>
    <Filter Include="SceModules\SceNpManager">
      <UniqueIdentifier>{825da163-c179-489b-9133-945fdcb29bc9}</UniqueIdentifier>
    </Filter>
    <Filter Include="SceModules\SceNpCommon">
      <UniqueIdentifier>{29ce8395-377b-4a09-b41f-3de21306f8ab}</UniqueIdentifier>
    </Filter>
    <Filter Include="SceModules\SceNpCommerce">
      <UniqueIdentifier>{cb924662-e208-4f52-9d32-7b27e48d8469}</UniqueIdentifier>
    </Filter>
    <Filter Include="SceModules\SceNetCtl">
      <UniqueIdentifier>{4a642c03-5b24-4190-ad14-f54e182adf58}</UniqueIdentifier>
    </Filter>
    <Filter Include="SceModules\SceNet">
      <UniqueIdentifier>{458d4f83-41d5-4d15-b015-00261fe4102c}</UniqueIdentifier>
    </Filter>
    <Filter Include="SceModules\SceMsgDialog">
      <UniqueIdentifier>{4d1dd7a0-046c-4599-b7aa-b7c94d0bbead}</UniqueIdentifier>
    </Filter>
    <Filter Include="SceModules\SceMouse">
      <UniqueIdentifier>{fab95265-abea-47c4-a51f-d2ef7eda2a8b}</UniqueIdentifier>
    </Filter>
    <Filter Include="SceModules\SceLibkernel">
      <UniqueIdentifier>{03e62667-39d9-4d3f-8f47-0505e9d68f62}</UniqueIdentifier>
    </Filter>
    <Filter Include="SceModules\SceLibc">
      <UniqueIdentifier>{f9feabc2-7e13-4ae8-a5f6-bfb1d5eb9cbe}</UniqueIdentifier>
    </Filter>
    <Filter Include="SceModules\SceJson">
      <UniqueIdentifier>{07e470ee-289f-4263-b3f2-ff6a8428bb85}</UniqueIdentifier>
    </Filter>
    <Filter Include="SceModules\SceInvitationDialog">
      <UniqueIdentifier>{ca88a2ef-1397-46fa-b3c6-7b6ff2fc4750}</UniqueIdentifier>
    </Filter>
    <Filter Include="SceModules\SceIme">
      <UniqueIdentifier>{9b64638c-1a5f-4491-93a5-b26da38d915e}</UniqueIdentifier>
    </Filter>
    <Filter Include="SceModules\SceHttp">
      <UniqueIdentifier>{0464e633-5784-46bb-bfdd-6d8848b546a9}</UniqueIdentifier>
    </Filter>
    <Filter Include="SceModules\SceGnmDriver">
      <UniqueIdentifier>{279b2de0-ec86-45e8-bf45-9ed4a1587176}</UniqueIdentifier>
    </Filter>
    <Filter Include="SceModules\SceGameLiveStreaming">
      <UniqueIdentifier>{d4025b8d-025f-4278-864b-f7931febc2f1}</UniqueIdentifier>
    </Filter>
    <Filter Include="SceModules\SceFios2">
      <UniqueIdentifier>{adf80165-03f4-45b3-bf75-0aa107e1b091}</UniqueIdentifier>
    </Filter>
    <Filter Include="SceModules\SceFiber">
      <UniqueIdentifier>{7f9dc5c8-a98b-4a74-9d91-785a9f78c467}</UniqueIdentifier>
    </Filter>
    <Filter Include="SceModules\SceErrorDialog">
      <UniqueIdentifier>{de318f0c-8fee-4a54-b80e-3f57404251e1}</UniqueIdentifier>
    </Filter>
    <Filter Include="SceModules\SceCommonDialog">
      <UniqueIdentifier>{f84ee50b-ae3d-4763-b0a9-93acd636537a}</UniqueIdentifier>
    </Filter>
    <Filter Include="SceModules\SceAudioOut">
      <UniqueIdentifier>{01f20bc2-8d28-4bec-90bd-7d1c22aaa60e}</UniqueIdentifier>
    </Filter>
    <Filter Include="SceModules\SceAudio3d">
      <UniqueIdentifier>{9e5b2e3d-c453-4dd7-a396-242aee5762c9}</UniqueIdentifier>
    </Filter>
    <Filter Include="SceModules\SceAppContentUtil">
      <UniqueIdentifier>{dceaf124-386f-4573-bb25-89fc2634449d}</UniqueIdentifier>
    </Filter>
    <Filter Include="SceModules\SceAjm">
      <UniqueIdentifier>{f6b61ba3-f586-418a-9c5d-725446043ca6}</UniqueIdentifier>
    </Filter>
    <Filter Include="SceModules\ScePlayGoDialog">
      <UniqueIdentifier>{9207d33e-e4ec-4b6c-94c9-d27a7b08e5c3}</UniqueIdentifier>
    </Filter>
    <Filter Include="SceModules\SceJobManager">
      <UniqueIdentifier>{569e8466-32c7-451b-ba57-e408f98537b5}</UniqueIdentifier>
    </Filter>
    <Filter Include="Source Files\Graphic">
      <UniqueIdentifier>{23ae136e-2909-4dc4-ac7c-a05b48eb5e30}</UniqueIdentifier>
    </Filter>
    <Filter Include="Source Files\Graphic\Gnm">
      <UniqueIdentifier>{c17c385d-eecd-4fea-80d6-b98d03d57992}</UniqueIdentifier>
    </Filter>
    <Filter Include="Source Files\Loader">
      <UniqueIdentifier>{1efb0e78-5d38-4f60-9d20-ca8fff9febef}</UniqueIdentifier>
    </Filter>
    <Filter Include="Source Files\Graphic\Sce">
      <UniqueIdentifier>{70eaff62-ab67-46e2-af21-4b6909ea46dd}</UniqueIdentifier>
    </Filter>
    <Filter Include="Source Files\Graphic\Gve">
      <UniqueIdentifier>{8714f22f-65d4-40c8-a2fe-44bf175a49b2}</UniqueIdentifier>
    </Filter>
    <Filter Include="Source Files\Algorithm">
      <UniqueIdentifier>{cb8dfaa7-aa84-454b-a1ea-ead2594a832f}</UniqueIdentifier>
    </Filter>
    <Filter Include="Source Files\Graphic\Pssl">
      <UniqueIdentifier>{14ee293f-1109-4eb5-9d47-bb00adbe680a}</UniqueIdentifier>
    </Filter>
    <Filter Include="Source Files\Graphic\SpirV">
      <UniqueIdentifier>{c103d6e7-d505-4adc-9124-c4a42be325dc}</UniqueIdentifier>
    </Filter>
    <Filter Include="Source Files\Graphic\Pssl\GCNParser">
      <UniqueIdentifier>{e6dace8b-4b96-441c-8035-feff4e14a70b}</UniqueIdentifier>
    </Filter>
    <Filter Include="Source Files\Util">
      <UniqueIdentifier>{4451038b-f42d-4af5-b678-870a988e8194}</UniqueIdentifier>
    </Filter>
    <Filter Include="Source Files\Emulator">
      <UniqueIdentifier>{9a707c88-79d8-4c96-ad6c-658b1e5f496c}</UniqueIdentifier>
    </Filter>
  </ItemGroup>
  <ItemGroup>
    <ClInclude Include="SceModules\SceLibc\sce_libc.h">
      <Filter>SceModules\SceLibc</Filter>
    </ClInclude>
    <ClInclude Include="SceModules\sce_module_common.h">
      <Filter>SceModules</Filter>
    </ClInclude>
    <ClInclude Include="SceModules\sce_modules.h">
      <Filter>SceModules</Filter>
    </ClInclude>
    <ClInclude Include="SceModules\sce_types.h">
      <Filter>SceModules</Filter>
    </ClInclude>
    <ClInclude Include="SceModules\sce_errors.h">
      <Filter>SceModules</Filter>
    </ClInclude>
    <ClInclude Include="SceModules\SceAjm\sce_ajm.h">
      <Filter>SceModules\SceAjm</Filter>
    </ClInclude>
    <ClInclude Include="SceModules\SceAppContentUtil\sce_appcontentutil.h">
      <Filter>SceModules\SceAppContentUtil</Filter>
    </ClInclude>
    <ClInclude Include="SceModules\SceAudio3d\sce_audio3d.h">
      <Filter>SceModules\SceAudio3d</Filter>
    </ClInclude>
    <ClInclude Include="SceModules\SceAudioOut\sce_audioout.h">
      <Filter>SceModules\SceAudioOut</Filter>
    </ClInclude>
    <ClInclude Include="SceModules\SceCommonDialog\sce_commondialog.h">
      <Filter>SceModules\SceCommonDialog</Filter>
    </ClInclude>
    <ClInclude Include="SceModules\SceErrorDialog\sce_errordialog.h">
      <Filter>SceModules\SceErrorDialog</Filter>
    </ClInclude>
    <ClInclude Include="SceModules\SceFiber\sce_fiber.h">
      <Filter>SceModules\SceFiber</Filter>
    </ClInclude>
    <ClInclude Include="SceModules\SceFios2\sce_fios2.h">
      <Filter>SceModules\SceFios2</Filter>
    </ClInclude>
    <ClInclude Include="SceModules\SceGameLiveStreaming\sce_gamelivestreaming.h">
      <Filter>SceModules\SceGameLiveStreaming</Filter>
    </ClInclude>
    <ClInclude Include="SceModules\SceGnmDriver\sce_gnmdriver.h">
      <Filter>SceModules\SceGnmDriver</Filter>
    </ClInclude>
    <ClInclude Include="SceModules\SceHttp\sce_http.h">
      <Filter>SceModules\SceHttp</Filter>
    </ClInclude>
    <ClInclude Include="SceModules\SceIme\sce_ime.h">
      <Filter>SceModules\SceIme</Filter>
    </ClInclude>
    <ClInclude Include="SceModules\SceInvitationDialog\sce_invitationdialog.h">
      <Filter>SceModules\SceInvitationDialog</Filter>
    </ClInclude>
    <ClInclude Include="SceModules\SceJson\sce_json.h">
      <Filter>SceModules\SceJson</Filter>
    </ClInclude>
    <ClInclude Include="SceModules\SceLibkernel\sce_libkernel.h">
      <Filter>SceModules\SceLibkernel</Filter>
    </ClInclude>
    <ClInclude Include="SceModules\SceMouse\sce_mouse.h">
      <Filter>SceModules\SceMouse</Filter>
    </ClInclude>
    <ClInclude Include="SceModules\SceMsgDialog\sce_msgdialog.h">
      <Filter>SceModules\SceMsgDialog</Filter>
    </ClInclude>
    <ClInclude Include="SceModules\SceNet\sce_net.h">
      <Filter>SceModules\SceNet</Filter>
    </ClInclude>
    <ClInclude Include="SceModules\SceNetCtl\sce_netctl.h">
      <Filter>SceModules\SceNetCtl</Filter>
    </ClInclude>
    <ClInclude Include="SceModules\SceNpCommerce\sce_npcommerce.h">
      <Filter>SceModules\SceNpCommerce</Filter>
    </ClInclude>
    <ClInclude Include="SceModules\SceNpCommon\sce_npcommon.h">
      <Filter>SceModules\SceNpCommon</Filter>
    </ClInclude>
    <ClInclude Include="SceModules\SceNpManager\sce_npmanager.h">
      <Filter>SceModules\SceNpManager</Filter>
    </ClInclude>
    <ClInclude Include="SceModules\SceNpMatching2\sce_npmatching2.h">
      <Filter>SceModules\SceNpMatching2</Filter>
    </ClInclude>
    <ClInclude Include="SceModules\SceNpProfileDialog\sce_npprofiledialog.h">
      <Filter>SceModules\SceNpProfileDialog</Filter>
    </ClInclude>
    <ClInclude Include="SceModules\SceNpScore\sce_npscore.h">
      <Filter>SceModules\SceNpScore</Filter>
    </ClInclude>
    <ClInclude Include="SceModules\SceNpSignaling\sce_npsignaling.h">
      <Filter>SceModules\SceNpSignaling</Filter>
    </ClInclude>
    <ClInclude Include="SceModules\SceNpTrophy\sce_nptrophy.h">
      <Filter>SceModules\SceNpTrophy</Filter>
    </ClInclude>
    <ClInclude Include="SceModules\SceNpTus\sce_nptus.h">
      <Filter>SceModules\SceNpTus</Filter>
    </ClInclude>
    <ClInclude Include="SceModules\SceNpWebApi\sce_npwebapi.h">
      <Filter>SceModules\SceNpWebApi</Filter>
    </ClInclude>
    <ClInclude Include="SceModules\ScePad\sce_pad.h">
      <Filter>SceModules\ScePad</Filter>
    </ClInclude>
    <ClInclude Include="SceModules\ScePlayGo\sce_playgo.h">
      <Filter>SceModules\ScePlayGo</Filter>
    </ClInclude>
    <ClInclude Include="SceModules\SceRtc\sce_rtc.h">
      <Filter>SceModules\SceRtc</Filter>
    </ClInclude>
    <ClInclude Include="SceModules\SceRudp\sce_rudp.h">
      <Filter>SceModules\SceRudp</Filter>
    </ClInclude>
    <ClInclude Include="SceModules\SceSaveData\sce_savedata.h">
      <Filter>SceModules\SceSaveData</Filter>
    </ClInclude>
    <ClInclude Include="SceModules\SceSaveDataDialog\sce_savedatadialog.h">
      <Filter>SceModules\SceSaveDataDialog</Filter>
    </ClInclude>
    <ClInclude Include="SceModules\SceScreenShot\sce_screenshot.h">
      <Filter>SceModules\SceScreenShot</Filter>
    </ClInclude>
    <ClInclude Include="SceModules\SceSsl\sce_ssl.h">
      <Filter>SceModules\SceSsl</Filter>
    </ClInclude>
    <ClInclude Include="SceModules\SceSysmodule\sce_sysmodule.h">
      <Filter>SceModules\SceSysmodule</Filter>
    </ClInclude>
    <ClInclude Include="SceModules\SceSystemService\sce_systemservice.h">
      <Filter>SceModules\SceSystemService</Filter>
    </ClInclude>
    <ClInclude Include="SceModules\SceUserService\sce_userservice.h">
      <Filter>SceModules\SceUserService</Filter>
    </ClInclude>
    <ClInclude Include="SceModules\SceVideoOut\sce_videoout.h">
      <Filter>SceModules\SceVideoOut</Filter>
    </ClInclude>
    <ClInclude Include="SceModules\SceVideoRecording\sce_videorecording.h">
      <Filter>SceModules\SceVideoRecording</Filter>
    </ClInclude>
    <ClInclude Include="Platform\PlatformUtils.h">
      <Filter>Source Files\Platform</Filter>
    </ClInclude>
    <ClInclude Include="Platform\UtilMemory.h">
      <Filter>Source Files\Platform</Filter>
    </ClInclude>
    <ClInclude Include="Platform\UtilString.h">
      <Filter>Source Files\Platform</Filter>
    </ClInclude>
    <ClInclude Include="GPCS4Config.h">
      <Filter>Source Files</Filter>
    </ClInclude>
    <ClInclude Include="GPCS4Common.h">
      <Filter>Source Files</Filter>
    </ClInclude>
    <ClInclude Include="Loader\EbootObject.h">
      <Filter>Source Files\Loader</Filter>
    </ClInclude>
    <ClInclude Include="Loader\elf.h">
      <Filter>Source Files\Loader</Filter>
    </ClInclude>
    <ClInclude Include="Emulator\Emulator.h">
      <Filter>Source Files\Emulator</Filter>
    </ClInclude>
    <ClInclude Include="Emulator\Linker.h">
      <Filter>Source Files\Emulator</Filter>
    </ClInclude>
    <ClInclude Include="Common\GPCS4Log.h">
      <Filter>Source Files\Common</Filter>
    </ClInclude>
    <ClInclude Include="Common\GPCS4Types.h">
      <Filter>Source Files\Common</Filter>
    </ClInclude>
    <ClInclude Include="Emulator\SceModuleSystem.h">
      <Filter>Source Files\Emulator</Filter>
    </ClInclude>
    <ClInclude Include="SceModules\SceLibkernel\sce_kernel_scepthread.h">
      <Filter>SceModules\SceLibkernel</Filter>
    </ClInclude>
    <ClInclude Include="Emulator\GameThread.h">
      <Filter>Source Files\Emulator</Filter>
    </ClInclude>
    <ClInclude Include="SceModules\sce_kernel_error.h">
      <Filter>SceModules</Filter>
    </ClInclude>
    <ClInclude Include="SceModules\SceLibkernel\sce_kernel_memory.h">
      <Filter>SceModules\SceLibkernel</Filter>
    </ClInclude>
    <ClInclude Include="Platform\UtilThread.h">
      <Filter>Source Files\Platform</Filter>
    </ClInclude>
    <ClInclude Include="Platform\UtilHardware.h">
      <Filter>Source Files\Platform</Filter>
    </ClInclude>
    <ClInclude Include="SceModules\SceLibkernel\sce_kernel_file.h">
      <Filter>SceModules\SceLibkernel</Filter>
    </ClInclude>
    <ClInclude Include="SceModules\ScePlayGoDialog\sce_playgodialog.h">
      <Filter>SceModules\ScePlayGoDialog</Filter>
    </ClInclude>
    <ClInclude Include="SceModules\SceJobManager\sce_jobmanager.h">
      <Filter>SceModules\SceJobManager</Filter>
    </ClInclude>
    <ClInclude Include="Emulator\TLSHandler.h">
      <Filter>Source Files\Emulator</Filter>
    </ClInclude>
    <ClInclude Include="Platform\UtilProcess.h">
      <Filter>Source Files\Platform</Filter>
    </ClInclude>
    <ClInclude Include="Platform\UtilPath.h">
      <Filter>Source Files\Platform</Filter>
    </ClInclude>
    <ClInclude Include="SceModules\SceUserService\sce_userservice_types.h">
      <Filter>SceModules\SceUserService</Filter>
    </ClInclude>
    <ClInclude Include="SceModules\SceLibkernel\sce_kernel_types.h">
      <Filter>SceModules\SceLibkernel</Filter>
    </ClInclude>
    <ClInclude Include="SceModules\SceLibkernel\SceSemaphore.h">
      <Filter>SceModules\SceLibkernel</Filter>
    </ClInclude>
    <ClInclude Include="Platform\UtilTime.h">
      <Filter>Source Files\Platform</Filter>
    </ClInclude>
    <ClInclude Include="SceModules\MapSlot.h">
      <Filter>SceModules</Filter>
    </ClInclude>
    <ClInclude Include="SceModules\SceVideoOut\sce_videoout_types.h">
      <Filter>SceModules\SceVideoOut</Filter>
    </ClInclude>
    <ClInclude Include="SceModules\SceLibkernel\sce_kernel_eventqueue.h">
      <Filter>SceModules\SceLibkernel</Filter>
    </ClInclude>
    <ClInclude Include="SceModules\SceLibkernel\sce_kernel_eventflag.h">
      <Filter>SceModules\SceLibkernel</Filter>
    </ClInclude>
    <ClInclude Include="SceModules\SceLibkernel\SceEventFlag.h">
      <Filter>SceModules\SceLibkernel</Filter>
    </ClInclude>
    <ClInclude Include="SceModules\SceAudioOut\sce_audioout_types.h">
      <Filter>SceModules\SceAudioOut</Filter>
    </ClInclude>
    <ClInclude Include="SceModules\SceAjm\sce_ajm_types.h">
      <Filter>SceModules\SceAjm</Filter>
    </ClInclude>
    <ClInclude Include="SceModules\SceSystemService\sce_systemservice_types.h">
      <Filter>SceModules\SceSystemService</Filter>
    </ClInclude>
    <ClInclude Include="SceModules\SceIme\sce_ime_error.h">
      <Filter>SceModules\SceIme</Filter>
    </ClInclude>
    <ClInclude Include="SceModules\SceUserService\sce_userservice_error.h">
      <Filter>SceModules\SceUserService</Filter>
    </ClInclude>
    <ClInclude Include="Graphic\Gnm\GnmOpCode.h">
      <Filter>Source Files\Graphic\Gnm</Filter>
    </ClInclude>
    <ClInclude Include="Graphic\Gnm\GnmStructure.h">
      <Filter>Source Files\Graphic\Gnm</Filter>
    </ClInclude>
    <ClInclude Include="Graphic\Gnm\GnmConstant.h">
      <Filter>Source Files\Graphic\Gnm</Filter>
    </ClInclude>
    <ClInclude Include="Graphic\Gnm\GnmCmdStream.h">
      <Filter>Source Files\Graphic\Gnm</Filter>
    </ClInclude>
    <ClInclude Include="Graphic\GraphicShared.h">
      <Filter>Source Files\Graphic</Filter>
    </ClInclude>
    <ClInclude Include="SceModules\sce_gnm_error.h">
      <Filter>SceModules</Filter>
    </ClInclude>
    <ClInclude Include="Graphic\Gnm\GnmCommandBuffer.h">
      <Filter>Source Files\Graphic\Gnm</Filter>
    </ClInclude>
    <ClInclude Include="Graphic\Gnm\GnmCommandBufferDraw.h">
      <Filter>Source Files\Graphic\Gnm</Filter>
    </ClInclude>
    <ClInclude Include="Graphic\Gve\GveDevice.h">
      <Filter>Source Files\Graphic\Gve</Filter>
    </ClInclude>
    <ClInclude Include="Graphic\Gve\GveInstance.h">
      <Filter>Source Files\Graphic\Gve</Filter>
    </ClInclude>
    <ClInclude Include="Graphic\Gve\GvePhysicalDevice.h">
      <Filter>Source Files\Graphic\Gve</Filter>
    </ClInclude>
    <ClInclude Include="Graphic\Gve\GveSwapChain.h">
      <Filter>Source Files\Graphic\Gve</Filter>
    </ClInclude>
    <ClInclude Include="Graphic\Sce\SceGnmDriver.h">
      <Filter>Source Files\Graphic\Sce</Filter>
    </ClInclude>
    <ClInclude Include="Graphic\Sce\SceVideoOut.h">
      <Filter>Source Files\Graphic\Sce</Filter>
    </ClInclude>
    <ClInclude Include="Algorithm\sha1.h">
      <Filter>Source Files\Algorithm</Filter>
    </ClInclude>
    <ClInclude Include="Algorithm\Sha1Hash.h">
      <Filter>Source Files\Algorithm</Filter>
    </ClInclude>
    <ClInclude Include="Graphic\Pssl\PsslFetchShader.h">
      <Filter>Source Files\Graphic\Pssl</Filter>
    </ClInclude>
    <ClInclude Include="Graphic\Pssl\PsslSbReader.h">
      <Filter>Source Files\Graphic\Pssl</Filter>
    </ClInclude>
    <ClInclude Include="Graphic\Pssl\PsslPsUsageTable.h">
      <Filter>Source Files\Graphic\Pssl</Filter>
    </ClInclude>
    <ClInclude Include="Graphic\Pssl\PsslShaderRegister.h">
      <Filter>Source Files\Graphic\Pssl</Filter>
    </ClInclude>
    <ClInclude Include="Graphic\Pssl\PsslShaderFileBinary.h">
      <Filter>Source Files\Graphic\Pssl</Filter>
    </ClInclude>
    <ClInclude Include="Graphic\Pssl\PsslShaderStructure.h">
      <Filter>Source Files\Graphic\Pssl</Filter>
    </ClInclude>
    <ClInclude Include="Graphic\Pssl\PsslKey.h">
      <Filter>Source Files\Graphic\Pssl</Filter>
    </ClInclude>
    <ClInclude Include="Graphic\Pssl\PsslProgramInfo.h">
      <Filter>Source Files\Graphic\Pssl</Filter>
    </ClInclude>
    <ClInclude Include="Graphic\Gve\GveShader.h">
      <Filter>Source Files\Graphic\Gve</Filter>
    </ClInclude>
    <ClInclude Include="Graphic\SpirV\SpirvModule.h">
      <Filter>Source Files\Graphic\SpirV</Filter>
    </ClInclude>
    <ClInclude Include="Graphic\SpirV\SpirvInstruction.h">
      <Filter>Source Files\Graphic\SpirV</Filter>
    </ClInclude>
    <ClInclude Include="Graphic\SpirV\SpirvInclude.h">
      <Filter>Source Files\Graphic\SpirV</Filter>
    </ClInclude>
    <ClInclude Include="Graphic\SpirV\SpirvCompression.h">
      <Filter>Source Files\Graphic\SpirV</Filter>
    </ClInclude>
    <ClInclude Include="Graphic\SpirV\SpirvCodeBuffer.h">
      <Filter>Source Files\Graphic\SpirV</Filter>
    </ClInclude>
    <ClInclude Include="Graphic\Pssl\GCNParser\DeviceInfo.h">
      <Filter>Source Files\Graphic\Pssl\GCNParser</Filter>
    </ClInclude>
    <ClInclude Include="Graphic\Pssl\GCNParser\DSInstruction.h">
      <Filter>Source Files\Graphic\Pssl\GCNParser</Filter>
    </ClInclude>
    <ClInclude Include="Graphic\Pssl\GCNParser\EXPInstruction.h">
      <Filter>Source Files\Graphic\Pssl\GCNParser</Filter>
    </ClInclude>
    <ClInclude Include="Graphic\Pssl\GCNParser\GCNParser.h">
      <Filter>Source Files\Graphic\Pssl\GCNParser</Filter>
    </ClInclude>
    <ClInclude Include="Graphic\Pssl\GCNParser\GenericInstructionFields1.h">
      <Filter>Source Files\Graphic\Pssl\GCNParser</Filter>
    </ClInclude>
    <ClInclude Include="Graphic\Pssl\GCNParser\GenericInstructionFields2.h">
      <Filter>Source Files\Graphic\Pssl\GCNParser</Filter>
    </ClInclude>
    <ClInclude Include="Graphic\Pssl\GCNParser\Instruction.h">
      <Filter>Source Files\Graphic\Pssl\GCNParser</Filter>
    </ClInclude>
    <ClInclude Include="Graphic\Pssl\GCNParser\MIMGInstruction.h">
      <Filter>Source Files\Graphic\Pssl\GCNParser</Filter>
    </ClInclude>
    <ClInclude Include="Graphic\Pssl\GCNParser\MTBUFInstruction.h">
      <Filter>Source Files\Graphic\Pssl\GCNParser</Filter>
    </ClInclude>
    <ClInclude Include="Graphic\Pssl\GCNParser\MUBUFInstruction.h">
      <Filter>Source Files\Graphic\Pssl\GCNParser</Filter>
    </ClInclude>
    <ClInclude Include="Graphic\Pssl\GCNParser\ParserFLAT.h">
      <Filter>Source Files\Graphic\Pssl\GCNParser</Filter>
    </ClInclude>
    <ClInclude Include="Graphic\Pssl\GCNParser\ParserSI.h">
      <Filter>Source Files\Graphic\Pssl\GCNParser</Filter>
    </ClInclude>
    <ClInclude Include="Graphic\Pssl\GCNParser\ParserSIDS.h">
      <Filter>Source Files\Graphic\Pssl\GCNParser</Filter>
    </ClInclude>
    <ClInclude Include="Graphic\Pssl\GCNParser\ParserSIEXP.h">
      <Filter>Source Files\Graphic\Pssl\GCNParser</Filter>
    </ClInclude>
    <ClInclude Include="Graphic\Pssl\GCNParser\ParserSIMIMG.h">
      <Filter>Source Files\Graphic\Pssl\GCNParser</Filter>
    </ClInclude>
    <ClInclude Include="Graphic\Pssl\GCNParser\ParserSIMTBUF.h">
      <Filter>Source Files\Graphic\Pssl\GCNParser</Filter>
    </ClInclude>
    <ClInclude Include="Graphic\Pssl\GCNParser\ParserSIMUBUF.h">
      <Filter>Source Files\Graphic\Pssl\GCNParser</Filter>
    </ClInclude>
    <ClInclude Include="Graphic\Pssl\GCNParser\ParserSISMRD.h">
      <Filter>Source Files\Graphic\Pssl\GCNParser</Filter>
    </ClInclude>
    <ClInclude Include="Graphic\Pssl\GCNParser\ParserSISOP1.h">
      <Filter>Source Files\Graphic\Pssl\GCNParser</Filter>
    </ClInclude>
    <ClInclude Include="Graphic\Pssl\GCNParser\ParserSISOP2.h">
      <Filter>Source Files\Graphic\Pssl\GCNParser</Filter>
    </ClInclude>
    <ClInclude Include="Graphic\Pssl\GCNParser\ParserSISOPC.h">
      <Filter>Source Files\Graphic\Pssl\GCNParser</Filter>
    </ClInclude>
    <ClInclude Include="Graphic\Pssl\GCNParser\ParserSISOPK.h">
      <Filter>Source Files\Graphic\Pssl\GCNParser</Filter>
    </ClInclude>
    <ClInclude Include="Graphic\Pssl\GCNParser\ParserSISOPP.h">
      <Filter>Source Files\Graphic\Pssl\GCNParser</Filter>
    </ClInclude>
    <ClInclude Include="Graphic\Pssl\GCNParser\ParserSIVINTRP.h">
      <Filter>Source Files\Graphic\Pssl\GCNParser</Filter>
    </ClInclude>
    <ClInclude Include="Graphic\Pssl\GCNParser\ParserSIVOP.h">
      <Filter>Source Files\Graphic\Pssl\GCNParser</Filter>
    </ClInclude>
    <ClInclude Include="Graphic\Pssl\GCNParser\rgaCliDefs.h">
      <Filter>Source Files\Graphic\Pssl\GCNParser</Filter>
    </ClInclude>
    <ClInclude Include="Graphic\Pssl\GCNParser\ScalarInstructionFields.h">
      <Filter>Source Files\Graphic\Pssl\GCNParser</Filter>
    </ClInclude>
    <ClInclude Include="Graphic\Pssl\GCNParser\SMRDInstruction.h">
      <Filter>Source Files\Graphic\Pssl\GCNParser</Filter>
    </ClInclude>
    <ClInclude Include="Graphic\Pssl\GCNParser\SOP1Instruction.h">
      <Filter>Source Files\Graphic\Pssl\GCNParser</Filter>
    </ClInclude>
    <ClInclude Include="Graphic\Pssl\GCNParser\SOP2Instruction.h">
      <Filter>Source Files\Graphic\Pssl\GCNParser</Filter>
    </ClInclude>
    <ClInclude Include="Graphic\Pssl\GCNParser\SOPCInstruction.h">
      <Filter>Source Files\Graphic\Pssl\GCNParser</Filter>
    </ClInclude>
    <ClInclude Include="Graphic\Pssl\GCNParser\SOPKInstruction.h">
      <Filter>Source Files\Graphic\Pssl\GCNParser</Filter>
    </ClInclude>
    <ClInclude Include="Graphic\Pssl\GCNParser\SOPPInstruction.h">
      <Filter>Source Files\Graphic\Pssl\GCNParser</Filter>
    </ClInclude>
    <ClInclude Include="Graphic\Pssl\GCNParser\VINTRPInstruction.h">
      <Filter>Source Files\Graphic\Pssl\GCNParser</Filter>
    </ClInclude>
    <ClInclude Include="Graphic\Pssl\GCNParser\VOPInstruction.h">
      <Filter>Source Files\Graphic\Pssl\GCNParser</Filter>
    </ClInclude>
    <ClInclude Include="Graphic\Pssl\GCNCompiler.h">
      <Filter>Source Files\Graphic\Pssl</Filter>
    </ClInclude>
    <ClInclude Include="Graphic\Pssl\GCNDecoder.h">
      <Filter>Source Files\Graphic\Pssl</Filter>
    </ClInclude>
    <ClInclude Include="Graphic\Pssl\GCNInstruction.h">
      <Filter>Source Files\Graphic\Pssl</Filter>
    </ClInclude>
    <ClInclude Include="Graphic\Pssl\GCNParser\GCNInstructionDefs.h">
      <Filter>Source Files\Graphic\Pssl\GCNParser</Filter>
    </ClInclude>
    <ClInclude Include="Graphic\Pssl\PsslEnums.h">
      <Filter>Source Files\Graphic\Pssl</Filter>
    </ClInclude>
    <ClInclude Include="Graphic\Pssl\PsslShaderModule.h">
      <Filter>Source Files\Graphic\Pssl</Filter>
    </ClInclude>
    <ClInclude Include="Graphic\Gnm\GnmSharpBuffer.h">
      <Filter>Source Files\Graphic\Gnm</Filter>
    </ClInclude>
    <ClInclude Include="Graphic\Gnm\GnmCommandBufferDispatch.h">
      <Filter>Source Files\Graphic\Gnm</Filter>
    </ClInclude>
    <ClInclude Include="Graphic\Gnm\GnmGfx9MePm4Packets.h">
      <Filter>Source Files\Graphic\Gnm</Filter>
    </ClInclude>
    <ClInclude Include="Platform\UtilFile.h">
      <Filter>Source Files\Platform</Filter>
    </ClInclude>
    <ClInclude Include="Graphic\Gve\GveCommon.h">
      <Filter>Source Files\Graphic\Gve</Filter>
    </ClInclude>
    <ClInclude Include="Graphic\Gve\GveVkLayers.h">
      <Filter>Source Files\Graphic\Gve</Filter>
    </ClInclude>
    <ClInclude Include="Graphic\Gve\GveContext.h">
      <Filter>Source Files\Graphic\Gve</Filter>
    </ClInclude>
    <ClInclude Include="Graphic\Gve\GveFrameBuffer.h">
      <Filter>Source Files\Graphic\Gve</Filter>
    </ClInclude>
    <ClInclude Include="Graphic\Gve\GveRenderPass.h">
      <Filter>Source Files\Graphic\Gve</Filter>
    </ClInclude>
    <ClInclude Include="Emulator\Module.h">
      <Filter>Source Files\Emulator</Filter>
    </ClInclude>
    <ClInclude Include="Loader\ELFMapper.h">
      <Filter>Source Files\Loader</Filter>
    </ClInclude>
    <ClInclude Include="Loader\ModuleLoader.h">
      <Filter>Source Files\Loader</Filter>
    </ClInclude>
    <ClInclude Include="Graphic\Pssl\GCNAnalyzer.h">
      <Filter>Source Files\Graphic\Pssl</Filter>
    </ClInclude>
    <ClInclude Include="Graphic\Pssl\GCNEnums.h">
      <Filter>Source Files\Graphic\Pssl</Filter>
    </ClInclude>
    <ClInclude Include="Graphic\Gve\GveMemory.h">
      <Filter>Source Files\Graphic\Gve</Filter>
    </ClInclude>
    <ClInclude Include="Graphic\Gve\GveDeviceInfo.h">
      <Filter>Source Files\Graphic\Gve</Filter>
    </ClInclude>
    <ClInclude Include="Graphic\Gve\GveExtension.h">
      <Filter>Source Files\Graphic\Gve</Filter>
    </ClInclude>
    <ClInclude Include="Graphic\Gnm\GnmRegInfo.h">
      <Filter>Source Files\Graphic\Gnm</Filter>
    </ClInclude>
    <ClInclude Include="Graphic\Gnm\GnmRenderTarget.h">
      <Filter>Source Files\Graphic\Gnm</Filter>
    </ClInclude>
    <ClInclude Include="Graphic\Gnm\GnmDepthRenderTarget.h">
      <Filter>Source Files\Graphic\Gnm</Filter>
    </ClInclude>
    <ClInclude Include="Graphic\Gnm\GnmCommon.h">
      <Filter>Source Files\Graphic\Gnm</Filter>
    </ClInclude>
    <ClInclude Include="Graphic\Gnm\GnmDataFormat.h">
      <Filter>Source Files\Graphic\Gnm</Filter>
    </ClInclude>
    <ClInclude Include="Graphic\Gnm\GnmBuffer.h">
      <Filter>Source Files\Graphic\Gnm</Filter>
    </ClInclude>
    <ClInclude Include="Graphic\Gnm\GnmTexture.h">
      <Filter>Source Files\Graphic\Gnm</Filter>
    </ClInclude>
    <ClInclude Include="Graphic\Gnm\GnmSampler.h">
      <Filter>Source Files\Graphic\Gnm</Filter>
    </ClInclude>
    <ClInclude Include="Graphic\Gve\GveLimit.h">
      <Filter>Source Files\Graphic\Gve</Filter>
    </ClInclude>
    <ClInclude Include="Graphic\Gve\GveBuffer.h">
      <Filter>Source Files\Graphic\Gve</Filter>
    </ClInclude>
    <ClInclude Include="Graphic\Gve\GveImage.h">
      <Filter>Source Files\Graphic\Gve</Filter>
    </ClInclude>
    <ClInclude Include="Graphic\Gve\GveSampler.h">
      <Filter>Source Files\Graphic\Gve</Filter>
    </ClInclude>
    <ClInclude Include="Graphic\Gve\GvePipelineLayout.h">
      <Filter>Source Files\Graphic\Gve</Filter>
    </ClInclude>
    <ClInclude Include="Graphic\Pssl\PsslBindingCalculator.h">
      <Filter>Source Files\Graphic\Pssl</Filter>
    </ClInclude>
    <ClInclude Include="Graphic\Pssl\PsslCommon.h">
      <Filter>Source Files\Graphic\Pssl</Filter>
    </ClInclude>
    <ClInclude Include="Graphic\Gve\GveGraphicsPipeline.h">
      <Filter>Source Files\Graphic\Gve</Filter>
    </ClInclude>
    <ClInclude Include="Graphic\Gve\GvePipelineManager.h">
      <Filter>Source Files\Graphic\Gve</Filter>
    </ClInclude>
    <ClInclude Include="Graphic\Gve\GveDescriptor.h">
      <Filter>Source Files\Graphic\Gve</Filter>
    </ClInclude>
    <ClInclude Include="Graphic\Gnm\GnmGpuAddress.h">
      <Filter>Source Files\Graphic\Gnm</Filter>
    </ClInclude>
    <ClInclude Include="Loader\FuncStub.h">
      <Filter>Source Files\Loader</Filter>
    </ClInclude>
    <ClInclude Include="SceModules\SceLibkernel\sce_pthread_common.h">
      <Filter>SceModules\SceLibkernel</Filter>
    </ClInclude>
    <ClInclude Include="Graphic\Gve\GveResourceObjects.h">
      <Filter>Source Files\Graphic\Gve</Filter>
    </ClInclude>
    <ClInclude Include="Graphic\Gve\GveUtil.h">
      <Filter>Source Files\Graphic\Gve</Filter>
    </ClInclude>
    <ClInclude Include="Graphic\Gve\GveGpuResource.h">
      <Filter>Source Files\Graphic\Gve</Filter>
    </ClInclude>
    <ClInclude Include="Graphic\Gve\GveLifetime.h">
      <Filter>Source Files\Graphic\Gve</Filter>
    </ClInclude>
    <ClInclude Include="Graphic\Gve\GveStaging.h">
      <Filter>Source Files\Graphic\Gve</Filter>
    </ClInclude>
    <ClInclude Include="Graphic\Gve\GveDebugMarker.h">
      <Filter>Source Files\Graphic\Gve</Filter>
    </ClInclude>
    <ClInclude Include="Graphic\Gve\GveCmdList.h">
      <Filter>Source Files\Graphic\Gve</Filter>
    </ClInclude>
    <ClInclude Include="Graphic\Gve\GvePipelineState.h">
      <Filter>Source Files\Graphic\Gve</Filter>
    </ClInclude>
    <ClInclude Include="Graphic\Gve\GveContextState.h">
      <Filter>Source Files\Graphic\Gve</Filter>
    </ClInclude>
    <ClInclude Include="SceModules\SceMouse\sce_mouse_types.h">
      <Filter>SceModules\SceMouse</Filter>
    </ClInclude>
    <ClInclude Include="Emulator\ModuleSystemCommon.h">
      <Filter>Source Files\Emulator</Filter>
    </ClInclude>
    <ClInclude Include="Graphic\Gve\GveHash.h">
      <Filter>Source Files\Graphic\Gve</Filter>
    </ClInclude>
    <ClInclude Include="Graphic\Gve\GvePresenter.h">
      <Filter>Source Files\Graphic\Gve</Filter>
    </ClInclude>
    <ClInclude Include="SceModules\ScePad\ScePad.h">
      <Filter>SceModules\ScePad</Filter>
    </ClInclude>
    <ClInclude Include="SceModules\ScePad\sce_pad_types.h">
      <Filter>SceModules\ScePad</Filter>
    </ClInclude>
    <ClInclude Include="SceModules\ScePad\sce_pad_error.h">
      <Filter>SceModules\ScePad</Filter>
    </ClInclude>
    <ClInclude Include="Graphic\Gnm\GnmConvertor.h">
      <Filter>Source Files\Graphic\Gnm</Filter>
    </ClInclude>
    <ClInclude Include="Graphic\Gnm\GnmCommandBufferDummy.h">
      <Filter>Source Files\Graphic\Gnm</Filter>
    </ClInclude>
    <ClInclude Include="Graphic\Pssl\GCNInstructionIterator.h">
      <Filter>Source Files\Graphic\Pssl</Filter>
    </ClInclude>
    <ClInclude Include="Common\IntelliSenseClang.h">
      <Filter>Source Files\Common</Filter>
    </ClInclude>
    <ClInclude Include="Util\UtilBit.h">
      <Filter>Source Files\Util</Filter>
    </ClInclude>
    <ClInclude Include="Util\UtilFlag.h">
      <Filter>Source Files\Util</Filter>
    </ClInclude>
    <ClInclude Include="Util\UtilLikely.h">
      <Filter>Source Files\Util</Filter>
    </ClInclude>
    <ClInclude Include="Util\UtilMath.h">
      <Filter>Source Files\Util</Filter>
    </ClInclude>
    <ClInclude Include="Util\UtilRc.h">
      <Filter>Source Files\Util</Filter>
    </ClInclude>
    <ClInclude Include="Util\UtilSingleton.h">
      <Filter>Source Files\Util</Filter>
    </ClInclude>
    <ClInclude Include="Util\UtilSync.h">
      <Filter>Source Files\Util</Filter>
    </ClInclude>
    <ClInclude Include="Util\UtilInclude.h">
      <Filter>Source Files\Util</Filter>
    </ClInclude>
    <ClInclude Include="Graphic\Pssl\GCNStateRegister.h">
      <Filter>Source Files\Graphic\Pssl</Filter>
    </ClInclude>
    <ClInclude Include="Graphic\Pssl\GCNSpirvTypes.h">
      <Filter>Source Files\Graphic\Pssl</Filter>
    </ClInclude>
    <ClInclude Include="Graphic\Pssl\PsslContants.h">
      <Filter>Source Files\Graphic\Pssl</Filter>
    </ClInclude>
    <ClInclude Include="Loader\elf-sce.h">
      <Filter>Source Files\Loader</Filter>
    </ClInclude>
    <ClInclude Include="Platform\UtilDebug.h">
      <Filter>Source Files\Platform</Filter>
    </ClInclude>
    <ClInclude Include="SceModules\SceLibkernel\sce_kernel_tls.h">
      <Filter>SceModules\SceLibkernel</Filter>
    </ClInclude>
    <ClInclude Include="Util\UtilContainer.h">
      <Filter>Source Files\Util</Filter>
    </ClInclude>
    <ClInclude Include="SceModules\SceUserService\user_service_defs.h">
      <Filter>SceModules\SceUserService</Filter>
    </ClInclude>
    <ClInclude Include="SceModules\SceFios2\sce_fios2_types.h">
      <Filter>SceModules\SceFios2</Filter>
    </ClInclude>
    <ClInclude Include="SceModules\SceSaveData\sce_savedata_types.h">
      <Filter>SceModules\SceSaveData</Filter>
    </ClInclude>
    <ClInclude Include="SceModules\SceAppContentUtil\sce_appcontentutil_types.h">
      <Filter>SceModules\SceAppContentUtil</Filter>
    </ClInclude>
    <ClInclude Include="Graphic\Gnm\GnmTiler.h">
      <Filter>Source Files\Graphic\Gnm</Filter>
    </ClInclude>
    <ClInclude Include="Graphic\Gnm\GnmGpuAddressTool.h">
      <Filter>Source Files\Graphic\Gnm</Filter>
    </ClInclude>
    <ClInclude Include="Graphic\Gnm\GnmTilerSSE2.h">
      <Filter>Source Files\Graphic\Gnm</Filter>
    </ClInclude>
    <ClInclude Include="Algorithm\MurmurHash2.h">
      <Filter>Source Files\Algorithm</Filter>
    </ClInclude>
    <ClInclude Include="Graphic\Gve\GveRecycler.h">
      <Filter>Source Files\Graphic\Gve</Filter>
    </ClInclude>
    <ClInclude Include="Common\GPCS4Decoration.h">
      <Filter>Source Files\Common</Filter>
    </ClInclude>
    <ClInclude Include="Graphic\Gve\GveSharpResourceManager.h">
      <Filter>Source Files\Graphic\Gve</Filter>
    </ClInclude>
    <ClInclude Include="SceModules\SceAppContentUtil\sce_appcontentutil_error.h">
      <Filter>SceModules\SceAppContentUtil</Filter>
    </ClInclude>
    <ClInclude Include="SceModules\SceAudioOut\AudioOut.h">
      <Filter>SceModules\SceAudioOut</Filter>
    </ClInclude>
    <ClInclude Include="SceModules\BlockingQueue.h">
      <Filter>SceModules</Filter>
    </ClInclude>
    <ClInclude Include="Emulator\PolicyManager.h">
      <Filter>Source Files\Emulator</Filter>
    </ClInclude>
    <ClInclude Include="Emulator\SymbolManager.h">
      <Filter>Source Files\Emulator</Filter>
    </ClInclude>
    <ClInclude Include="Emulator\ModuleManger.h">
      <Filter>Source Files\Emulator</Filter>
    </ClInclude>
  </ItemGroup>
  <ItemGroup>
    <ClCompile Include="Loader\EbootObject.cpp">
      <Filter>Source Files\Loader</Filter>
    </ClCompile>
    <ClCompile Include="GPCS4Main.cpp">
      <Filter>Source Files</Filter>
    </ClCompile>
    <ClCompile Include="Platform\UtilMemory.cpp">
      <Filter>Source Files\Platform</Filter>
    </ClCompile>
    <ClCompile Include="Common\GPCS4Log.cpp">
      <Filter>Source Files\Common</Filter>
    </ClCompile>
    <ClCompile Include="Emulator\Emulator.cpp">
      <Filter>Source Files\Emulator</Filter>
    </ClCompile>
    <ClCompile Include="Emulator\Linker.cpp">
      <Filter>Source Files\Emulator</Filter>
    </ClCompile>
    <ClCompile Include="Platform\UtilString.cpp">
      <Filter>Source Files\Platform</Filter>
    </ClCompile>
    <ClCompile Include="SceModules\SceLibc\sce_libc.cpp">
      <Filter>SceModules\SceLibc</Filter>
    </ClCompile>
    <ClCompile Include="SceModules\SceAjm\sce_ajm.cpp">
      <Filter>SceModules\SceAjm</Filter>
    </ClCompile>
    <ClCompile Include="SceModules\SceAjm\sce_ajm_export.cpp">
      <Filter>SceModules\SceAjm</Filter>
    </ClCompile>
    <ClCompile Include="SceModules\SceAppContentUtil\sce_appcontentutil.cpp">
      <Filter>SceModules\SceAppContentUtil</Filter>
    </ClCompile>
    <ClCompile Include="SceModules\SceAppContentUtil\sce_appcontentutil_export.cpp">
      <Filter>SceModules\SceAppContentUtil</Filter>
    </ClCompile>
    <ClCompile Include="SceModules\SceAudio3d\sce_audio3d.cpp">
      <Filter>SceModules\SceAudio3d</Filter>
    </ClCompile>
    <ClCompile Include="SceModules\SceAudio3d\sce_audio3d_export.cpp">
      <Filter>SceModules\SceAudio3d</Filter>
    </ClCompile>
    <ClCompile Include="SceModules\SceAudioOut\sce_audioout.cpp">
      <Filter>SceModules\SceAudioOut</Filter>
    </ClCompile>
    <ClCompile Include="SceModules\SceAudioOut\sce_audioout_export.cpp">
      <Filter>SceModules\SceAudioOut</Filter>
    </ClCompile>
    <ClCompile Include="SceModules\SceCommonDialog\sce_commondialog.cpp">
      <Filter>SceModules\SceCommonDialog</Filter>
    </ClCompile>
    <ClCompile Include="SceModules\SceCommonDialog\sce_commondialog_export.cpp">
      <Filter>SceModules\SceCommonDialog</Filter>
    </ClCompile>
    <ClCompile Include="SceModules\SceErrorDialog\sce_errordialog.cpp">
      <Filter>SceModules\SceErrorDialog</Filter>
    </ClCompile>
    <ClCompile Include="SceModules\SceErrorDialog\sce_errordialog_export.cpp">
      <Filter>SceModules\SceErrorDialog</Filter>
    </ClCompile>
    <ClCompile Include="SceModules\SceFiber\sce_fiber.cpp">
      <Filter>SceModules\SceFiber</Filter>
    </ClCompile>
    <ClCompile Include="SceModules\SceFiber\sce_fiber_export.cpp">
      <Filter>SceModules\SceFiber</Filter>
    </ClCompile>
    <ClCompile Include="SceModules\SceFios2\sce_fios2.cpp">
      <Filter>SceModules\SceFios2</Filter>
    </ClCompile>
    <ClCompile Include="SceModules\SceFios2\sce_fios2_export.cpp">
      <Filter>SceModules\SceFios2</Filter>
    </ClCompile>
    <ClCompile Include="SceModules\SceGameLiveStreaming\sce_gamelivestreaming.cpp">
      <Filter>SceModules\SceGameLiveStreaming</Filter>
    </ClCompile>
    <ClCompile Include="SceModules\SceGameLiveStreaming\sce_gamelivestreaming_export.cpp">
      <Filter>SceModules\SceGameLiveStreaming</Filter>
    </ClCompile>
    <ClCompile Include="SceModules\SceGnmDriver\sce_gnmdriver.cpp">
      <Filter>SceModules\SceGnmDriver</Filter>
    </ClCompile>
    <ClCompile Include="SceModules\SceGnmDriver\sce_gnmdriver_export.cpp">
      <Filter>SceModules\SceGnmDriver</Filter>
    </ClCompile>
    <ClCompile Include="SceModules\SceHttp\sce_http.cpp">
      <Filter>SceModules\SceHttp</Filter>
    </ClCompile>
    <ClCompile Include="SceModules\SceHttp\sce_http_export.cpp">
      <Filter>SceModules\SceHttp</Filter>
    </ClCompile>
    <ClCompile Include="SceModules\SceIme\sce_ime.cpp">
      <Filter>SceModules\SceIme</Filter>
    </ClCompile>
    <ClCompile Include="SceModules\SceIme\sce_ime_export.cpp">
      <Filter>SceModules\SceIme</Filter>
    </ClCompile>
    <ClCompile Include="SceModules\SceInvitationDialog\sce_invitationdialog.cpp">
      <Filter>SceModules\SceInvitationDialog</Filter>
    </ClCompile>
    <ClCompile Include="SceModules\SceInvitationDialog\sce_invitationdialog_export.cpp">
      <Filter>SceModules\SceInvitationDialog</Filter>
    </ClCompile>
    <ClCompile Include="SceModules\SceJson\sce_json.cpp">
      <Filter>SceModules\SceJson</Filter>
    </ClCompile>
    <ClCompile Include="SceModules\SceJson\sce_json_export.cpp">
      <Filter>SceModules\SceJson</Filter>
    </ClCompile>
    <ClCompile Include="SceModules\SceLibc\sce_libc_export.cpp">
      <Filter>SceModules\SceLibc</Filter>
    </ClCompile>
    <ClCompile Include="SceModules\SceLibkernel\sce_libkernel.cpp">
      <Filter>SceModules\SceLibkernel</Filter>
    </ClCompile>
    <ClCompile Include="SceModules\SceLibkernel\sce_libkernel_export.cpp">
      <Filter>SceModules\SceLibkernel</Filter>
    </ClCompile>
    <ClCompile Include="SceModules\SceMouse\sce_mouse.cpp">
      <Filter>SceModules\SceMouse</Filter>
    </ClCompile>
    <ClCompile Include="SceModules\SceMouse\sce_mouse_export.cpp">
      <Filter>SceModules\SceMouse</Filter>
    </ClCompile>
    <ClCompile Include="SceModules\SceMsgDialog\sce_msgdialog.cpp">
      <Filter>SceModules\SceMsgDialog</Filter>
    </ClCompile>
    <ClCompile Include="SceModules\SceMsgDialog\sce_msgdialog_export.cpp">
      <Filter>SceModules\SceMsgDialog</Filter>
    </ClCompile>
    <ClCompile Include="SceModules\SceNet\sce_net.cpp">
      <Filter>SceModules\SceNet</Filter>
    </ClCompile>
    <ClCompile Include="SceModules\SceNet\sce_net_export.cpp">
      <Filter>SceModules\SceNet</Filter>
    </ClCompile>
    <ClCompile Include="SceModules\SceNetCtl\sce_netctl.cpp">
      <Filter>SceModules\SceNetCtl</Filter>
    </ClCompile>
    <ClCompile Include="SceModules\SceNetCtl\sce_netctl_export.cpp">
      <Filter>SceModules\SceNetCtl</Filter>
    </ClCompile>
    <ClCompile Include="SceModules\SceNpCommerce\sce_npcommerce.cpp">
      <Filter>SceModules\SceNpCommerce</Filter>
    </ClCompile>
    <ClCompile Include="SceModules\SceNpCommerce\sce_npcommerce_export.cpp">
      <Filter>SceModules\SceNpCommerce</Filter>
    </ClCompile>
    <ClCompile Include="SceModules\SceNpCommon\sce_npcommon.cpp">
      <Filter>SceModules\SceNpCommon</Filter>
    </ClCompile>
    <ClCompile Include="SceModules\SceNpCommon\sce_npcommon_export.cpp">
      <Filter>SceModules\SceNpCommon</Filter>
    </ClCompile>
    <ClCompile Include="SceModules\SceNpManager\sce_npmanager.cpp">
      <Filter>SceModules\SceNpManager</Filter>
    </ClCompile>
    <ClCompile Include="SceModules\SceNpManager\sce_npmanager_export.cpp">
      <Filter>SceModules\SceNpManager</Filter>
    </ClCompile>
    <ClCompile Include="SceModules\SceNpMatching2\sce_npmatching2.cpp">
      <Filter>SceModules\SceNpMatching2</Filter>
    </ClCompile>
    <ClCompile Include="SceModules\SceNpMatching2\sce_npmatching2_export.cpp">
      <Filter>SceModules\SceNpMatching2</Filter>
    </ClCompile>
    <ClCompile Include="SceModules\SceNpProfileDialog\sce_npprofiledialog.cpp">
      <Filter>SceModules\SceNpProfileDialog</Filter>
    </ClCompile>
    <ClCompile Include="SceModules\SceNpProfileDialog\sce_npprofiledialog_export.cpp">
      <Filter>SceModules\SceNpProfileDialog</Filter>
    </ClCompile>
    <ClCompile Include="SceModules\SceNpScore\sce_npscore.cpp">
      <Filter>SceModules\SceNpScore</Filter>
    </ClCompile>
    <ClCompile Include="SceModules\SceNpScore\sce_npscore_export.cpp">
      <Filter>SceModules\SceNpScore</Filter>
    </ClCompile>
    <ClCompile Include="SceModules\SceNpSignaling\sce_npsignaling.cpp">
      <Filter>SceModules\SceNpSignaling</Filter>
    </ClCompile>
    <ClCompile Include="SceModules\SceNpSignaling\sce_npsignaling_export.cpp">
      <Filter>SceModules\SceNpSignaling</Filter>
    </ClCompile>
    <ClCompile Include="SceModules\SceNpTrophy\sce_nptrophy.cpp">
      <Filter>SceModules\SceNpTrophy</Filter>
    </ClCompile>
    <ClCompile Include="SceModules\SceNpTrophy\sce_nptrophy_export.cpp">
      <Filter>SceModules\SceNpTrophy</Filter>
    </ClCompile>
    <ClCompile Include="SceModules\SceNpTus\sce_nptus.cpp">
      <Filter>SceModules\SceNpTus</Filter>
    </ClCompile>
    <ClCompile Include="SceModules\SceNpTus\sce_nptus_export.cpp">
      <Filter>SceModules\SceNpTus</Filter>
    </ClCompile>
    <ClCompile Include="SceModules\SceNpWebApi\sce_npwebapi.cpp">
      <Filter>SceModules\SceNpWebApi</Filter>
    </ClCompile>
    <ClCompile Include="SceModules\SceNpWebApi\sce_npwebapi_export.cpp">
      <Filter>SceModules\SceNpWebApi</Filter>
    </ClCompile>
    <ClCompile Include="SceModules\ScePad\sce_pad.cpp">
      <Filter>SceModules\ScePad</Filter>
    </ClCompile>
    <ClCompile Include="SceModules\ScePad\sce_pad_export.cpp">
      <Filter>SceModules\ScePad</Filter>
    </ClCompile>
    <ClCompile Include="SceModules\ScePlayGo\sce_playgo.cpp">
      <Filter>SceModules\ScePlayGo</Filter>
    </ClCompile>
    <ClCompile Include="SceModules\ScePlayGo\sce_playgo_export.cpp">
      <Filter>SceModules\ScePlayGo</Filter>
    </ClCompile>
    <ClCompile Include="SceModules\SceRtc\sce_rtc.cpp">
      <Filter>SceModules\SceRtc</Filter>
    </ClCompile>
    <ClCompile Include="SceModules\SceRtc\sce_rtc_export.cpp">
      <Filter>SceModules\SceRtc</Filter>
    </ClCompile>
    <ClCompile Include="SceModules\SceRudp\sce_rudp.cpp">
      <Filter>SceModules\SceRudp</Filter>
    </ClCompile>
    <ClCompile Include="SceModules\SceRudp\sce_rudp_export.cpp">
      <Filter>SceModules\SceRudp</Filter>
    </ClCompile>
    <ClCompile Include="SceModules\SceSaveData\sce_savedata.cpp">
      <Filter>SceModules\SceSaveData</Filter>
    </ClCompile>
    <ClCompile Include="SceModules\SceSaveData\sce_savedata_export.cpp">
      <Filter>SceModules\SceSaveData</Filter>
    </ClCompile>
    <ClCompile Include="SceModules\SceSaveDataDialog\sce_savedatadialog.cpp">
      <Filter>SceModules\SceSaveDataDialog</Filter>
    </ClCompile>
    <ClCompile Include="SceModules\SceSaveDataDialog\sce_savedatadialog_export.cpp">
      <Filter>SceModules\SceSaveDataDialog</Filter>
    </ClCompile>
    <ClCompile Include="SceModules\SceScreenShot\sce_screenshot.cpp">
      <Filter>SceModules\SceScreenShot</Filter>
    </ClCompile>
    <ClCompile Include="SceModules\SceScreenShot\sce_screenshot_export.cpp">
      <Filter>SceModules\SceScreenShot</Filter>
    </ClCompile>
    <ClCompile Include="SceModules\SceSsl\sce_ssl.cpp">
      <Filter>SceModules\SceSsl</Filter>
    </ClCompile>
    <ClCompile Include="SceModules\SceSsl\sce_ssl_export.cpp">
      <Filter>SceModules\SceSsl</Filter>
    </ClCompile>
    <ClCompile Include="SceModules\SceSysmodule\sce_sysmodule.cpp">
      <Filter>SceModules\SceSysmodule</Filter>
    </ClCompile>
    <ClCompile Include="SceModules\SceSysmodule\sce_sysmodule_export.cpp">
      <Filter>SceModules\SceSysmodule</Filter>
    </ClCompile>
    <ClCompile Include="SceModules\SceSystemService\sce_systemservice.cpp">
      <Filter>SceModules\SceSystemService</Filter>
    </ClCompile>
    <ClCompile Include="SceModules\SceSystemService\sce_systemservice_export.cpp">
      <Filter>SceModules\SceSystemService</Filter>
    </ClCompile>
    <ClCompile Include="SceModules\SceUserService\sce_userservice.cpp">
      <Filter>SceModules\SceUserService</Filter>
    </ClCompile>
    <ClCompile Include="SceModules\SceUserService\sce_userservice_export.cpp">
      <Filter>SceModules\SceUserService</Filter>
    </ClCompile>
    <ClCompile Include="SceModules\SceVideoOut\sce_videoout.cpp">
      <Filter>SceModules\SceVideoOut</Filter>
    </ClCompile>
    <ClCompile Include="SceModules\SceVideoOut\sce_videoout_export.cpp">
      <Filter>SceModules\SceVideoOut</Filter>
    </ClCompile>
    <ClCompile Include="SceModules\SceVideoRecording\sce_videorecording.cpp">
      <Filter>SceModules\SceVideoRecording</Filter>
    </ClCompile>
    <ClCompile Include="SceModules\SceVideoRecording\sce_videorecording_export.cpp">
      <Filter>SceModules\SceVideoRecording</Filter>
    </ClCompile>
    <ClCompile Include="Emulator\SceModuleSystem.cpp">
      <Filter>Source Files\Emulator</Filter>
    </ClCompile>
    <ClCompile Include="Emulator\RegisterModules.cpp">
      <Filter>Source Files\Emulator</Filter>
    </ClCompile>
    <ClCompile Include="SceModules\SceLibc\sce_libc_string.cpp">
      <Filter>SceModules\SceLibc</Filter>
    </ClCompile>
    <ClCompile Include="SceModules\SceLibc\sce_libc_math.cpp">
      <Filter>SceModules\SceLibc</Filter>
    </ClCompile>
    <ClCompile Include="SceModules\SceLibc\sce_libc_file.cpp">
      <Filter>SceModules\SceLibc</Filter>
    </ClCompile>
    <ClCompile Include="SceModules\SceLibc\sce_libc_memory.cpp">
      <Filter>SceModules\SceLibc</Filter>
    </ClCompile>
    <ClCompile Include="SceModules\SceLibc\sce_libc_sce.cpp">
      <Filter>SceModules\SceLibc</Filter>
    </ClCompile>
    <ClCompile Include="SceModules\SceLibc\sce_libc_stdlib.cpp">
      <Filter>SceModules\SceLibc</Filter>
    </ClCompile>
    <ClCompile Include="SceModules\SceLibc\sce_libc_stdio.cpp">
      <Filter>SceModules\SceLibc</Filter>
    </ClCompile>
    <ClCompile Include="SceModules\SceLibc\sce_libc_cxa.cpp">
      <Filter>SceModules\SceLibc</Filter>
    </ClCompile>
    <ClCompile Include="ImportLibs.cpp">
      <Filter>Source Files</Filter>
    </ClCompile>
    <ClCompile Include="SceModules\SceLibkernel\sce_kernel_scepthread.cpp">
      <Filter>SceModules\SceLibkernel</Filter>
    </ClCompile>
    <ClCompile Include="SceModules\SceLibkernel\sce_kernel_pthread.cpp">
      <Filter>SceModules\SceLibkernel</Filter>
    </ClCompile>
    <ClCompile Include="Emulator\GameThread.cpp">
      <Filter>Source Files\Emulator</Filter>
    </ClCompile>
    <ClCompile Include="SceModules\SceLibkernel\sce_kernel_memory.cpp">
      <Filter>SceModules\SceLibkernel</Filter>
    </ClCompile>
    <ClCompile Include="Platform\UtilThread.cpp">
      <Filter>Source Files\Platform</Filter>
    </ClCompile>
    <ClCompile Include="Platform\UtilHardware.cpp">
      <Filter>Source Files\Platform</Filter>
    </ClCompile>
    <ClCompile Include="SceModules\SceLibkernel\sce_kernel_file.cpp">
      <Filter>SceModules\SceLibkernel</Filter>
    </ClCompile>
    <ClCompile Include="SceModules\ScePlayGoDialog\sce_playgodialog.cpp">
      <Filter>SceModules\ScePlayGoDialog</Filter>
    </ClCompile>
    <ClCompile Include="SceModules\ScePlayGoDialog\sce_playgodialog_export.cpp">
      <Filter>SceModules\ScePlayGoDialog</Filter>
    </ClCompile>
    <ClCompile Include="SceModules\SceJobManager\sce_jobmanager.cpp">
      <Filter>SceModules\SceJobManager</Filter>
    </ClCompile>
    <ClCompile Include="SceModules\SceJobManager\sce_jobmanager_export.cpp">
      <Filter>SceModules\SceJobManager</Filter>
    </ClCompile>
    <ClCompile Include="Emulator\TLSHandler.cpp">
      <Filter>Source Files\Emulator</Filter>
    </ClCompile>
    <ClCompile Include="Platform\UtilProcess.cpp">
      <Filter>Source Files\Platform</Filter>
    </ClCompile>
    <ClCompile Include="SceModules\SceLibkernel\sce_kernel_time.cpp">
      <Filter>SceModules\SceLibkernel</Filter>
    </ClCompile>
    <ClCompile Include="Platform\UtilPath.cpp">
      <Filter>Source Files\Platform</Filter>
    </ClCompile>
    <ClCompile Include="SceModules\SceLibkernel\SceSemaphore.cpp">
      <Filter>SceModules\SceLibkernel</Filter>
    </ClCompile>
    <ClCompile Include="SceModules\SceLibkernel\sce_kernel_semaphore.cpp">
      <Filter>SceModules\SceLibkernel</Filter>
    </ClCompile>
    <ClCompile Include="Platform\UtilTime.cpp">
      <Filter>Source Files\Platform</Filter>
    </ClCompile>
    <ClCompile Include="SceModules\SceLibkernel\sce_kernel_eventqueue.cpp">
      <Filter>SceModules\SceLibkernel</Filter>
    </ClCompile>
    <ClCompile Include="SceModules\SceLibkernel\sce_kernel_eventflag.cpp">
      <Filter>SceModules\SceLibkernel</Filter>
    </ClCompile>
    <ClCompile Include="SceModules\SceLibkernel\SceEventFlag.cpp">
      <Filter>SceModules\SceLibkernel</Filter>
    </ClCompile>
    <ClCompile Include="SceModules\SceGnmDriver\sce_gnm_draw.cpp">
      <Filter>SceModules\SceGnmDriver</Filter>
    </ClCompile>
    <ClCompile Include="SceModules\SceGnmDriver\sce_gnm_dispatch.cpp">
      <Filter>SceModules\SceGnmDriver</Filter>
    </ClCompile>
    <ClCompile Include="SceModules\SceGnmDriver\sce_gnm_constant.cpp">
      <Filter>SceModules\SceGnmDriver</Filter>
    </ClCompile>
    <ClCompile Include="SceModules\SceGnmDriver\sce_gnm_cmd.cpp">
      <Filter>SceModules\SceGnmDriver</Filter>
    </ClCompile>
    <ClCompile Include="SceModules\SceGnmDriver\sce_gnm_submit.cpp">
      <Filter>SceModules\SceGnmDriver</Filter>
    </ClCompile>
    <ClCompile Include="SceModules\SceGnmDriver\sce_gnm_eqevent.cpp">
      <Filter>SceModules\SceGnmDriver</Filter>
    </ClCompile>
    <ClCompile Include="Graphic\Gnm\GnmCmdStream.cpp">
      <Filter>Source Files\Graphic\Gnm</Filter>
    </ClCompile>
    <ClCompile Include="Graphic\GraphicShared.cpp">
      <Filter>Source Files\Graphic</Filter>
    </ClCompile>
    <ClCompile Include="Graphic\Gnm\GnmCommandBuffer.cpp">
      <Filter>Source Files\Graphic\Gnm</Filter>
    </ClCompile>
    <ClCompile Include="Graphic\Gve\GveDevice.cpp">
      <Filter>Source Files\Graphic\Gve</Filter>
    </ClCompile>
    <ClCompile Include="Graphic\Gve\GveInstance.cpp">
      <Filter>Source Files\Graphic\Gve</Filter>
    </ClCompile>
    <ClCompile Include="Graphic\Gve\GvePhysicalDevice.cpp">
      <Filter>Source Files\Graphic\Gve</Filter>
    </ClCompile>
    <ClCompile Include="Graphic\Gve\GveSwapChain.cpp">
      <Filter>Source Files\Graphic\Gve</Filter>
    </ClCompile>
    <ClCompile Include="Graphic\Sce\SceGnmDriver.cpp">
      <Filter>Source Files\Graphic\Sce</Filter>
    </ClCompile>
    <ClCompile Include="Graphic\Sce\SceVideoOut.cpp">
      <Filter>Source Files\Graphic\Sce</Filter>
    </ClCompile>
    <ClCompile Include="Algorithm\sha1.c">
      <Filter>Source Files\Algorithm</Filter>
    </ClCompile>
    <ClCompile Include="Algorithm\Sha1Hash.cpp">
      <Filter>Source Files\Algorithm</Filter>
    </ClCompile>
    <ClCompile Include="Graphic\Pssl\PsslFetchShader.cpp">
      <Filter>Source Files\Graphic\Pssl</Filter>
    </ClCompile>
    <ClCompile Include="Graphic\Pssl\PsslSbReader.cpp">
      <Filter>Source Files\Graphic\Pssl</Filter>
    </ClCompile>
    <ClCompile Include="Graphic\Pssl\PsslPsUsageTable.cpp">
      <Filter>Source Files\Graphic\Pssl</Filter>
    </ClCompile>
    <ClCompile Include="Graphic\Pssl\PsslKey.cpp">
      <Filter>Source Files\Graphic\Pssl</Filter>
    </ClCompile>
    <ClCompile Include="Graphic\Pssl\PsslProgramInfo.cpp">
      <Filter>Source Files\Graphic\Pssl</Filter>
    </ClCompile>
    <ClCompile Include="Graphic\Gve\GveShader.cpp">
      <Filter>Source Files\Graphic\Gve</Filter>
    </ClCompile>
    <ClCompile Include="Graphic\SpirV\SpirvModule.cpp">
      <Filter>Source Files\Graphic\SpirV</Filter>
    </ClCompile>
    <ClCompile Include="Graphic\SpirV\SpirvCompression.cpp">
      <Filter>Source Files\Graphic\SpirV</Filter>
    </ClCompile>
    <ClCompile Include="Graphic\SpirV\SpirvCodeBuffer.cpp">
      <Filter>Source Files\Graphic\SpirV</Filter>
    </ClCompile>
    <ClCompile Include="Graphic\Pssl\GCNParser\GCNParser.cpp">
      <Filter>Source Files\Graphic\Pssl\GCNParser</Filter>
    </ClCompile>
    <ClCompile Include="Graphic\Pssl\GCNParser\Instruction.cpp">
      <Filter>Source Files\Graphic\Pssl\GCNParser</Filter>
    </ClCompile>
    <ClCompile Include="Graphic\Pssl\GCNParser\ParserSI.cpp">
      <Filter>Source Files\Graphic\Pssl\GCNParser</Filter>
    </ClCompile>
    <ClCompile Include="Graphic\Pssl\GCNParser\ParserSIDS.cpp">
      <Filter>Source Files\Graphic\Pssl\GCNParser</Filter>
    </ClCompile>
    <ClCompile Include="Graphic\Pssl\GCNParser\ParserSIEXP.cpp">
      <Filter>Source Files\Graphic\Pssl\GCNParser</Filter>
    </ClCompile>
    <ClCompile Include="Graphic\Pssl\GCNParser\ParserSIMIMG.cpp">
      <Filter>Source Files\Graphic\Pssl\GCNParser</Filter>
    </ClCompile>
    <ClCompile Include="Graphic\Pssl\GCNParser\ParserSIMTBUF.cpp">
      <Filter>Source Files\Graphic\Pssl\GCNParser</Filter>
    </ClCompile>
    <ClCompile Include="Graphic\Pssl\GCNParser\ParserSIMUBUF.cpp">
      <Filter>Source Files\Graphic\Pssl\GCNParser</Filter>
    </ClCompile>
    <ClCompile Include="Graphic\Pssl\GCNParser\ParserSISMRD.cpp">
      <Filter>Source Files\Graphic\Pssl\GCNParser</Filter>
    </ClCompile>
    <ClCompile Include="Graphic\Pssl\GCNParser\ParserSISOP1.cpp">
      <Filter>Source Files\Graphic\Pssl\GCNParser</Filter>
    </ClCompile>
    <ClCompile Include="Graphic\Pssl\GCNParser\ParserSISOP2.cpp">
      <Filter>Source Files\Graphic\Pssl\GCNParser</Filter>
    </ClCompile>
    <ClCompile Include="Graphic\Pssl\GCNParser\ParserSISOPC.cpp">
      <Filter>Source Files\Graphic\Pssl\GCNParser</Filter>
    </ClCompile>
    <ClCompile Include="Graphic\Pssl\GCNParser\ParserSISOPK.cpp">
      <Filter>Source Files\Graphic\Pssl\GCNParser</Filter>
    </ClCompile>
    <ClCompile Include="Graphic\Pssl\GCNParser\ParserSISOPP.cpp">
      <Filter>Source Files\Graphic\Pssl\GCNParser</Filter>
    </ClCompile>
    <ClCompile Include="Graphic\Pssl\GCNParser\ParserSIVINTRP.cpp">
      <Filter>Source Files\Graphic\Pssl\GCNParser</Filter>
    </ClCompile>
    <ClCompile Include="Graphic\Pssl\GCNParser\ParserSIVOP.cpp">
      <Filter>Source Files\Graphic\Pssl\GCNParser</Filter>
    </ClCompile>
    <ClCompile Include="Graphic\Pssl\GCNCompiler.cpp">
      <Filter>Source Files\Graphic\Pssl</Filter>
    </ClCompile>
    <ClCompile Include="Graphic\Pssl\GCNDecoder.cpp">
      <Filter>Source Files\Graphic\Pssl</Filter>
    </ClCompile>
    <ClCompile Include="Graphic\Pssl\GCNParser\GCNInstructionDefs.cpp">
      <Filter>Source Files\Graphic\Pssl\GCNParser</Filter>
    </ClCompile>
    <ClCompile Include="Graphic\Pssl\GCNCompilerScalarALU.cpp">
      <Filter>Source Files\Graphic\Pssl</Filter>
    </ClCompile>
    <ClCompile Include="Graphic\Pssl\GCNCompilerScalarMemory.cpp">
      <Filter>Source Files\Graphic\Pssl</Filter>
    </ClCompile>
    <ClCompile Include="Graphic\Pssl\GCNCompilerVectorALU.cpp">
      <Filter>Source Files\Graphic\Pssl</Filter>
    </ClCompile>
    <ClCompile Include="Graphic\Pssl\GCNCompilerVectorMemory.cpp">
      <Filter>Source Files\Graphic\Pssl</Filter>
    </ClCompile>
    <ClCompile Include="Graphic\Pssl\GCNCompilerFlowControl.cpp">
      <Filter>Source Files\Graphic\Pssl</Filter>
    </ClCompile>
    <ClCompile Include="Graphic\Pssl\GCNCompilerDataShare.cpp">
      <Filter>Source Files\Graphic\Pssl</Filter>
    </ClCompile>
    <ClCompile Include="Graphic\Pssl\GCNCompilerVectorInterpolation.cpp">
      <Filter>Source Files\Graphic\Pssl</Filter>
    </ClCompile>
    <ClCompile Include="Graphic\Pssl\GCNCompilerExport.cpp">
      <Filter>Source Files\Graphic\Pssl</Filter>
    </ClCompile>
    <ClCompile Include="Graphic\Pssl\GCNCompilerDebugProfile.cpp">
      <Filter>Source Files\Graphic\Pssl</Filter>
    </ClCompile>
    <ClCompile Include="Graphic\Pssl\PsslShaderModule.cpp">
      <Filter>Source Files\Graphic\Pssl</Filter>
    </ClCompile>
    <ClCompile Include="Graphic\Gnm\GnmCommandBufferDispatch.cpp">
      <Filter>Source Files\Graphic\Gnm</Filter>
    </ClCompile>
    <ClCompile Include="Platform\UtilFile.cpp">
      <Filter>Source Files\Platform</Filter>
    </ClCompile>
    <ClCompile Include="Graphic\Gnm\GnmOpCode.cpp">
      <Filter>Source Files\Graphic\Gnm</Filter>
    </ClCompile>
    <ClCompile Include="Graphic\Gve\GveContext.cpp">
      <Filter>Source Files\Graphic\Gve</Filter>
    </ClCompile>
    <ClCompile Include="Graphic\Gve\GveFrameBuffer.cpp">
      <Filter>Source Files\Graphic\Gve</Filter>
    </ClCompile>
    <ClCompile Include="Graphic\Gve\GveRenderPass.cpp">
      <Filter>Source Files\Graphic\Gve</Filter>
    </ClCompile>
    <ClCompile Include="Loader\ELFMapper.cpp">
      <Filter>Source Files\Loader</Filter>
    </ClCompile>
    <ClCompile Include="Loader\ModuleLoader.cpp">
      <Filter>Source Files\Loader</Filter>
    </ClCompile>
    <ClCompile Include="Emulator\Module.cpp">
      <Filter>Source Files\Emulator</Filter>
    </ClCompile>
    <ClCompile Include="Graphic\Pssl\GCNAnalyzer.cpp">
      <Filter>Source Files\Graphic\Pssl</Filter>
    </ClCompile>
    <ClCompile Include="Graphic\Gve\GveMemory.cpp">
      <Filter>Source Files\Graphic\Gve</Filter>
    </ClCompile>
    <ClCompile Include="Graphic\Gve\GveExtension.cpp">
      <Filter>Source Files\Graphic\Gve</Filter>
    </ClCompile>
    <ClCompile Include="Graphic\Gve\GveBuffer.cpp">
      <Filter>Source Files\Graphic\Gve</Filter>
    </ClCompile>
    <ClCompile Include="Graphic\Gve\GveImage.cpp">
      <Filter>Source Files\Graphic\Gve</Filter>
    </ClCompile>
    <ClCompile Include="Graphic\Gve\GveSampler.cpp">
      <Filter>Source Files\Graphic\Gve</Filter>
    </ClCompile>
    <ClCompile Include="Graphic\Gve\GvePipelineLayout.cpp">
      <Filter>Source Files\Graphic\Gve</Filter>
    </ClCompile>
    <ClCompile Include="Graphic\Gve\GveGraphicsPipeline.cpp">
      <Filter>Source Files\Graphic\Gve</Filter>
    </ClCompile>
    <ClCompile Include="Graphic\Gve\GvePipelineManager.cpp">
      <Filter>Source Files\Graphic\Gve</Filter>
    </ClCompile>
    <ClCompile Include="Graphic\Gve\GveDescriptor.cpp">
      <Filter>Source Files\Graphic\Gve</Filter>
    </ClCompile>
    <ClCompile Include="Loader\FuncStub.cpp">
      <Filter>Source Files\Loader</Filter>
    </ClCompile>
    <ClCompile Include="SceModules\SceLibkernel\sce_pthread_common.cpp">
      <Filter>SceModules\SceLibkernel</Filter>
    </ClCompile>
    <ClCompile Include="Graphic\Gve\GveResourceObjects.cpp">
      <Filter>Source Files\Graphic\Gve</Filter>
    </ClCompile>
    <ClCompile Include="Graphic\Gve\GveUtil.cpp">
      <Filter>Source Files\Graphic\Gve</Filter>
    </ClCompile>
    <ClCompile Include="Graphic\Gve\GveGpuResource.cpp">
      <Filter>Source Files\Graphic\Gve</Filter>
    </ClCompile>
    <ClCompile Include="Graphic\Gve\GveLifetime.cpp">
      <Filter>Source Files\Graphic\Gve</Filter>
    </ClCompile>
    <ClCompile Include="Graphic\Gve\GveStaging.cpp">
      <Filter>Source Files\Graphic\Gve</Filter>
    </ClCompile>
    <ClCompile Include="Graphic\Gve\GveDebugMarker.cpp">
      <Filter>Source Files\Graphic\Gve</Filter>
    </ClCompile>
    <ClCompile Include="Graphic\Gve\GveCmdList.cpp">
      <Filter>Source Files\Graphic\Gve</Filter>
    </ClCompile>
    <ClCompile Include="Graphic\Gve\GvePipelineState.cpp">
      <Filter>Source Files\Graphic\Gve</Filter>
    </ClCompile>
    <ClCompile Include="Graphic\Gve\GvePresenter.cpp">
      <Filter>Source Files\Graphic\Gve</Filter>
    </ClCompile>
    <ClCompile Include="Graphic\Gnm\GnmDataFormat.cpp">
      <Filter>Source Files\Graphic\Gnm</Filter>
    </ClCompile>
    <ClCompile Include="SceModules\ScePad\ScePad.cpp">
      <Filter>SceModules\ScePad</Filter>
    </ClCompile>
    <ClCompile Include="Graphic\Gnm\GnmConvertor.cpp">
      <Filter>Source Files\Graphic\Gnm</Filter>
    </ClCompile>
    <ClCompile Include="Graphic\Gnm\GnmCommandBufferDummy.cpp">
      <Filter>Source Files\Graphic\Gnm</Filter>
    </ClCompile>
    <ClCompile Include="Graphic\Pssl\GCNInstructionIterator.cpp">
      <Filter>Source Files\Graphic\Pssl</Filter>
    </ClCompile>
    <ClCompile Include="Graphic\Pssl\GCNStateRegister.cpp">
      <Filter>Source Files\Graphic\Pssl</Filter>
    </ClCompile>
    <ClCompile Include="Graphic\Gnm\GnmCommandBufferDraw.cpp">
      <Filter>Source Files\Graphic\Gnm</Filter>
    </ClCompile>
    <ClCompile Include="Platform\UtilDebug.cpp">
      <Filter>Source Files\Platform</Filter>
    </ClCompile>
    <ClCompile Include="SceModules\SceLibkernel\sce_kernel_tls.cpp">
      <Filter>SceModules\SceLibkernel</Filter>
    </ClCompile>
    <ClCompile Include="Graphic\Gnm\GnmGpuAddress.cpp">
      <Filter>Source Files\Graphic\Gnm</Filter>
    </ClCompile>
    <ClCompile Include="Graphic\Gnm\GnmTiler.cpp">
      <Filter>Source Files\Graphic\Gnm</Filter>
    </ClCompile>
    <ClCompile Include="Graphic\Gnm\GnmGpuAddressTool.cpp">
      <Filter>Source Files\Graphic\Gnm</Filter>
    </ClCompile>
    <ClCompile Include="Algorithm\MurmurHash2.cpp">
      <Filter>Source Files\Algorithm</Filter>
    </ClCompile>
    <ClCompile Include="Graphic\Gve\GveSharpResourceManager.cpp">
      <Filter>Source Files\Graphic\Gve</Filter>
    </ClCompile>
    <ClCompile Include="SceModules\SceAudioOut\AudioOut.cpp">
      <Filter>SceModules\SceAudioOut</Filter>
    </ClCompile>
    <ClCompile Include="Emulator\PolicyManager.cpp">
      <Filter>Source Files\Emulator</Filter>
    </ClCompile>
    <ClCompile Include="Emulator\SymbolManager.cpp">
      <Filter>Source Files\Emulator</Filter>
    </ClCompile>
    <ClCompile Include="Emulator\ModuleManger.cpp">
      <Filter>Source Files\Emulator</Filter>
    </ClCompile>
  </ItemGroup>
  <ItemGroup>
    <Text Include="Emulator\TLSStub.asm">
      <Filter>Source Files\Emulator</Filter>
    </Text>
  </ItemGroup>
</Project>